// !$*UTF8*$!
{
	archiveVersion = 1;
	classes = {
	};
	objectVersion = 50;
	objects = {

/* Begin PBXBuildFile section */
		D83DF0D4249009E300BAE75C /* AppDelegate.swift in Sources */ = {isa = PBXBuildFile; fileRef = D83DF0D3249009E300BAE75C /* AppDelegate.swift */; };
		D83DF0D6249009E300BAE75C /* SceneDelegate.swift in Sources */ = {isa = PBXBuildFile; fileRef = D83DF0D5249009E300BAE75C /* SceneDelegate.swift */; };
		D83DF0DB249009E300BAE75C /* Main.storyboard in Resources */ = {isa = PBXBuildFile; fileRef = D83DF0D9249009E300BAE75C /* Main.storyboard */; };
		D83DF0DD249009E700BAE75C /* Assets.xcassets in Resources */ = {isa = PBXBuildFile; fileRef = D83DF0DC249009E700BAE75C /* Assets.xcassets */; };
		D83DF0E0249009E700BAE75C /* LaunchScreen.storyboard in Resources */ = {isa = PBXBuildFile; fileRef = D83DF0DE249009E700BAE75C /* LaunchScreen.storyboard */; };
		D83DF0EC24900BFD00BAE75C /* PersonsListTableViewController.swift in Sources */ = {isa = PBXBuildFile; fileRef = D83DF0EB24900BFD00BAE75C /* PersonsListTableViewController.swift */; };
		D83DF0EF24900D0D00BAE75C /* Person.swift in Sources */ = {isa = PBXBuildFile; fileRef = D83DF0EE24900D0D00BAE75C /* Person.swift */; };
		D83DF0F124901BCF00BAE75C /* DataManager.swift in Sources */ = {isa = PBXBuildFile; fileRef = D83DF0F024901BCF00BAE75C /* DataManager.swift */; };
		D83DF0F324902A0000BAE75C /* DetailPersonViewController.swift in Sources */ = {isa = PBXBuildFile; fileRef = D83DF0F224902A0000BAE75C /* DetailPersonViewController.swift */; };
		D83DF0F52490348100BAE75C /* SecondPersonsListTableViewController.swift in Sources */ = {isa = PBXBuildFile; fileRef = D83DF0F42490348100BAE75C /* SecondPersonsListTableViewController.swift */; };
		D8A8441E24912AF200C715E7 /* TabBarController.swift in Sources */ = {isa = PBXBuildFile; fileRef = D8A8441D24912AF200C715E7 /* TabBarController.swift */; };
/* End PBXBuildFile section */

/* Begin PBXFileReference section */
		D83DF0D0249009E300BAE75C /* HW_2.7_App.app */ = {isa = PBXFileReference; explicitFileType = wrapper.application; includeInIndex = 0; path = HW_2.7_App.app; sourceTree = BUILT_PRODUCTS_DIR; };
		D83DF0D3249009E300BAE75C /* AppDelegate.swift */ = {isa = PBXFileReference; lastKnownFileType = sourcecode.swift; path = AppDelegate.swift; sourceTree = "<group>"; };
		D83DF0D5249009E300BAE75C /* SceneDelegate.swift */ = {isa = PBXFileReference; lastKnownFileType = sourcecode.swift; path = SceneDelegate.swift; sourceTree = "<group>"; };
		D83DF0DA249009E300BAE75C /* Base */ = {isa = PBXFileReference; lastKnownFileType = file.storyboard; name = Base; path = Base.lproj/Main.storyboard; sourceTree = "<group>"; };
		D83DF0DC249009E700BAE75C /* Assets.xcassets */ = {isa = PBXFileReference; lastKnownFileType = folder.assetcatalog; path = Assets.xcassets; sourceTree = "<group>"; };
		D83DF0DF249009E700BAE75C /* Base */ = {isa = PBXFileReference; lastKnownFileType = file.storyboard; name = Base; path = Base.lproj/LaunchScreen.storyboard; sourceTree = "<group>"; };
		D83DF0E1249009E700BAE75C /* Info.plist */ = {isa = PBXFileReference; lastKnownFileType = text.plist.xml; path = Info.plist; sourceTree = "<group>"; };
		D83DF0EB24900BFD00BAE75C /* PersonsListTableViewController.swift */ = {isa = PBXFileReference; lastKnownFileType = sourcecode.swift; path = PersonsListTableViewController.swift; sourceTree = "<group>"; };
		D83DF0EE24900D0D00BAE75C /* Person.swift */ = {isa = PBXFileReference; lastKnownFileType = sourcecode.swift; path = Person.swift; sourceTree = "<group>"; };
		D83DF0F024901BCF00BAE75C /* DataManager.swift */ = {isa = PBXFileReference; lastKnownFileType = sourcecode.swift; path = DataManager.swift; sourceTree = "<group>"; };
		D83DF0F224902A0000BAE75C /* DetailPersonViewController.swift */ = {isa = PBXFileReference; lastKnownFileType = sourcecode.swift; path = DetailPersonViewController.swift; sourceTree = "<group>"; };
		D83DF0F42490348100BAE75C /* SecondPersonsListTableViewController.swift */ = {isa = PBXFileReference; lastKnownFileType = sourcecode.swift; path = SecondPersonsListTableViewController.swift; sourceTree = "<group>"; };
		D8A8441D24912AF200C715E7 /* TabBarController.swift */ = {isa = PBXFileReference; lastKnownFileType = sourcecode.swift; path = TabBarController.swift; sourceTree = "<group>"; };
/* End PBXFileReference section */

/* Begin PBXFrameworksBuildPhase section */
		D83DF0CD249009E200BAE75C /* Frameworks */ = {
			isa = PBXFrameworksBuildPhase;
			buildActionMask = 2147483647;
			files = (
			);
			runOnlyForDeploymentPostprocessing = 0;
		};
/* End PBXFrameworksBuildPhase section */

/* Begin PBXGroup section */
		D83DF0C7249009E200BAE75C = {
			isa = PBXGroup;
			children = (
				D83DF0D2249009E300BAE75C /* HW_2.7_App */,
				D83DF0D1249009E300BAE75C /* Products */,
			);
			sourceTree = "<group>";
		};
		D83DF0D1249009E300BAE75C /* Products */ = {
			isa = PBXGroup;
			children = (
				D83DF0D0249009E300BAE75C /* HW_2.7_App.app */,
			);
			name = Products;
			sourceTree = "<group>";
		};
		D83DF0D2249009E300BAE75C /* HW_2.7_App */ = {
			isa = PBXGroup;
			children = (
				D8A8441C2491270300C715E7 /* Managers */,
				D83DF0ED24900CEE00BAE75C /* Models */,
				D83DF0EA24900AA500BAE75C /* Sources */,
				D83DF0E924900A8D00BAE75C /* Storyboards */,
				D83DF0E724900A5800BAE75C /* SupportingFiles */,
				D83DF0E824900A7300BAE75C /* ViewControllers */,
			);
			path = HW_2.7_App;
			sourceTree = "<group>";
		};
		D83DF0E724900A5800BAE75C /* SupportingFiles */ = {
			isa = PBXGroup;
			children = (
				D83DF0D3249009E300BAE75C /* AppDelegate.swift */,
				D83DF0D5249009E300BAE75C /* SceneDelegate.swift */,
				D83DF0E1249009E700BAE75C /* Info.plist */,
			);
			path = SupportingFiles;
			sourceTree = "<group>";
		};
		D83DF0E824900A7300BAE75C /* ViewControllers */ = {
			isa = PBXGroup;
			children = (
				D83DF0F224902A0000BAE75C /* DetailPersonViewController.swift */,
				D83DF0EB24900BFD00BAE75C /* PersonsListTableViewController.swift */,
				D83DF0F42490348100BAE75C /* SecondPersonsListTableViewController.swift */,
				D8A8441D24912AF200C715E7 /* TabBarController.swift */,
			);
			path = ViewControllers;
			sourceTree = "<group>";
		};
		D83DF0E924900A8D00BAE75C /* Storyboards */ = {
			isa = PBXGroup;
			children = (
				D83DF0D9249009E300BAE75C /* Main.storyboard */,
				D83DF0DE249009E700BAE75C /* LaunchScreen.storyboard */,
			);
			path = Storyboards;
			sourceTree = "<group>";
		};
		D83DF0EA24900AA500BAE75C /* Sources */ = {
			isa = PBXGroup;
			children = (
				D83DF0DC249009E700BAE75C /* Assets.xcassets */,
			);
			path = Sources;
			sourceTree = "<group>";
		};
		D83DF0ED24900CEE00BAE75C /* Models */ = {
			isa = PBXGroup;
			children = (
				D83DF0EE24900D0D00BAE75C /* Person.swift */,
			);
			path = Models;
			sourceTree = "<group>";
		};
		D8A8441C2491270300C715E7 /* Managers */ = {
			isa = PBXGroup;
			children = (
				D83DF0F024901BCF00BAE75C /* DataManager.swift */,
			);
			path = Managers;
			sourceTree = "<group>";
		};
/* End PBXGroup section */

/* Begin PBXNativeTarget section */
		D83DF0CF249009E200BAE75C /* HW_2.7_App */ = {
			isa = PBXNativeTarget;
			buildConfigurationList = D83DF0E4249009E700BAE75C /* Build configuration list for PBXNativeTarget "HW_2.7_App" */;
			buildPhases = (
				D83DF0CC249009E200BAE75C /* Sources */,
				D83DF0CD249009E200BAE75C /* Frameworks */,
				D83DF0CE249009E200BAE75C /* Resources */,
			);
			buildRules = (
			);
			dependencies = (
			);
			name = HW_2.7_App;
			productName = HW_2.7_App;
			productReference = D83DF0D0249009E300BAE75C /* HW_2.7_App.app */;
			productType = "com.apple.product-type.application";
		};
/* End PBXNativeTarget section */

/* Begin PBXProject section */
		D83DF0C8249009E200BAE75C /* Project object */ = {
			isa = PBXProject;
			attributes = {
				LastSwiftUpdateCheck = 1150;
				LastUpgradeCheck = 1150;
				ORGANIZATIONNAME = "Independent Developer";
				TargetAttributes = {
					D83DF0CF249009E200BAE75C = {
						CreatedOnToolsVersion = 11.5;
					};
				};
			};
			buildConfigurationList = D83DF0CB249009E200BAE75C /* Build configuration list for PBXProject "HW_2.7_App" */;
			compatibilityVersion = "Xcode 9.3";
			developmentRegion = en;
			hasScannedForEncodings = 0;
			knownRegions = (
				en,
				Base,
			);
			mainGroup = D83DF0C7249009E200BAE75C;
			productRefGroup = D83DF0D1249009E300BAE75C /* Products */;
			projectDirPath = "";
			projectRoot = "";
			targets = (
				D83DF0CF249009E200BAE75C /* HW_2.7_App */,
			);
		};
/* End PBXProject section */

/* Begin PBXResourcesBuildPhase section */
		D83DF0CE249009E200BAE75C /* Resources */ = {
			isa = PBXResourcesBuildPhase;
			buildActionMask = 2147483647;
			files = (
				D83DF0E0249009E700BAE75C /* LaunchScreen.storyboard in Resources */,
				D83DF0DD249009E700BAE75C /* Assets.xcassets in Resources */,
				D83DF0DB249009E300BAE75C /* Main.storyboard in Resources */,
			);
			runOnlyForDeploymentPostprocessing = 0;
		};
/* End PBXResourcesBuildPhase section */

/* Begin PBXSourcesBuildPhase section */
		D83DF0CC249009E200BAE75C /* Sources */ = {
			isa = PBXSourcesBuildPhase;
			buildActionMask = 2147483647;
			files = (
				D83DF0F52490348100BAE75C /* SecondPersonsListTableViewController.swift in Sources */,
				D8A8441E24912AF200C715E7 /* TabBarController.swift in Sources */,
				D83DF0EF24900D0D00BAE75C /* Person.swift in Sources */,
				D83DF0F124901BCF00BAE75C /* DataManager.swift in Sources */,
				D83DF0F324902A0000BAE75C /* DetailPersonViewController.swift in Sources */,
				D83DF0EC24900BFD00BAE75C /* PersonsListTableViewController.swift in Sources */,
				D83DF0D4249009E300BAE75C /* AppDelegate.swift in Sources */,
				D83DF0D6249009E300BAE75C /* SceneDelegate.swift in Sources */,
			);
			runOnlyForDeploymentPostprocessing = 0;
		};
/* End PBXSourcesBuildPhase section */

/* Begin PBXVariantGroup section */
		D83DF0D9249009E300BAE75C /* Main.storyboard */ = {
			isa = PBXVariantGroup;
			children = (
				D83DF0DA249009E300BAE75C /* Base */,
			);
			name = Main.storyboard;
			sourceTree = "<group>";
		};
		D83DF0DE249009E700BAE75C /* LaunchScreen.storyboard */ = {
			isa = PBXVariantGroup;
			children = (
				D83DF0DF249009E700BAE75C /* Base */,
			);
			name = LaunchScreen.storyboard;
			sourceTree = "<group>";
		};
/* End PBXVariantGroup section */

/* Begin XCBuildConfiguration section */
		D83DF0E2249009E700BAE75C /* Debug */ = {
			isa = XCBuildConfiguration;
			buildSettings = {
				ALWAYS_SEARCH_USER_PATHS = NO;
				CLANG_ANALYZER_NONNULL = YES;
				CLANG_ANALYZER_NUMBER_OBJECT_CONVERSION = YES_AGGRESSIVE;
				CLANG_CXX_LANGUAGE_STANDARD = "gnu++14";
				CLANG_CXX_LIBRARY = "libc++";
				CLANG_ENABLE_MODULES = YES;
				CLANG_ENABLE_OBJC_ARC = YES;
				CLANG_ENABLE_OBJC_WEAK = YES;
				CLANG_WARN_BLOCK_CAPTURE_AUTORELEASING = YES;
				CLANG_WARN_BOOL_CONVERSION = YES;
				CLANG_WARN_COMMA = YES;
				CLANG_WARN_CONSTANT_CONVERSION = YES;
				CLANG_WARN_DEPRECATED_OBJC_IMPLEMENTATIONS = YES;
				CLANG_WARN_DIRECT_OBJC_ISA_USAGE = YES_ERROR;
				CLANG_WARN_DOCUMENTATION_COMMENTS = YES;
				CLANG_WARN_EMPTY_BODY = YES;
				CLANG_WARN_ENUM_CONVERSION = YES;
				CLANG_WARN_INFINITE_RECURSION = YES;
				CLANG_WARN_INT_CONVERSION = YES;
				CLANG_WARN_NON_LITERAL_NULL_CONVERSION = YES;
				CLANG_WARN_OBJC_IMPLICIT_RETAIN_SELF = YES;
				CLANG_WARN_OBJC_LITERAL_CONVERSION = YES;
				CLANG_WARN_OBJC_ROOT_CLASS = YES_ERROR;
				CLANG_WARN_RANGE_LOOP_ANALYSIS = YES;
				CLANG_WARN_STRICT_PROTOTYPES = YES;
				CLANG_WARN_SUSPICIOUS_MOVE = YES;
				CLANG_WARN_UNGUARDED_AVAILABILITY = YES_AGGRESSIVE;
				CLANG_WARN_UNREACHABLE_CODE = YES;
				CLANG_WARN__DUPLICATE_METHOD_MATCH = YES;
				COPY_PHASE_STRIP = NO;
				DEBUG_INFORMATION_FORMAT = dwarf;
				ENABLE_STRICT_OBJC_MSGSEND = YES;
				ENABLE_TESTABILITY = YES;
				GCC_C_LANGUAGE_STANDARD = gnu11;
				GCC_DYNAMIC_NO_PIC = NO;
				GCC_NO_COMMON_BLOCKS = YES;
				GCC_OPTIMIZATION_LEVEL = 0;
				GCC_PREPROCESSOR_DEFINITIONS = (
					"DEBUG=1",
					"$(inherited)",
				);
				GCC_WARN_64_TO_32_BIT_CONVERSION = YES;
				GCC_WARN_ABOUT_RETURN_TYPE = YES_ERROR;
				GCC_WARN_UNDECLARED_SELECTOR = YES;
				GCC_WARN_UNINITIALIZED_AUTOS = YES_AGGRESSIVE;
				GCC_WARN_UNUSED_FUNCTION = YES;
				GCC_WARN_UNUSED_VARIABLE = YES;
				IPHONEOS_DEPLOYMENT_TARGET = 13.5;
				MTL_ENABLE_DEBUG_INFO = INCLUDE_SOURCE;
				MTL_FAST_MATH = YES;
				ONLY_ACTIVE_ARCH = YES;
				SDKROOT = iphoneos;
				SWIFT_ACTIVE_COMPILATION_CONDITIONS = DEBUG;
				SWIFT_OPTIMIZATION_LEVEL = "-Onone";
			};
			name = Debug;
		};
		D83DF0E3249009E700BAE75C /* Release */ = {
			isa = XCBuildConfiguration;
			buildSettings = {
				ALWAYS_SEARCH_USER_PATHS = NO;
				CLANG_ANALYZER_NONNULL = YES;
				CLANG_ANALYZER_NUMBER_OBJECT_CONVERSION = YES_AGGRESSIVE;
				CLANG_CXX_LANGUAGE_STANDARD = "gnu++14";
				CLANG_CXX_LIBRARY = "libc++";
				CLANG_ENABLE_MODULES = YES;
				CLANG_ENABLE_OBJC_ARC = YES;
				CLANG_ENABLE_OBJC_WEAK = YES;
				CLANG_WARN_BLOCK_CAPTURE_AUTORELEASING = YES;
				CLANG_WARN_BOOL_CONVERSION = YES;
				CLANG_WARN_COMMA = YES;
				CLANG_WARN_CONSTANT_CONVERSION = YES;
				CLANG_WARN_DEPRECATED_OBJC_IMPLEMENTATIONS = YES;
				CLANG_WARN_DIRECT_OBJC_ISA_USAGE = YES_ERROR;
				CLANG_WARN_DOCUMENTATION_COMMENTS = YES;
				CLANG_WARN_EMPTY_BODY = YES;
				CLANG_WARN_ENUM_CONVERSION = YES;
				CLANG_WARN_INFINITE_RECURSION = YES;
				CLANG_WARN_INT_CONVERSION = YES;
				CLANG_WARN_NON_LITERAL_NULL_CONVERSION = YES;
				CLANG_WARN_OBJC_IMPLICIT_RETAIN_SELF = YES;
				CLANG_WARN_OBJC_LITERAL_CONVERSION = YES;
				CLANG_WARN_OBJC_ROOT_CLASS = YES_ERROR;
				CLANG_WARN_RANGE_LOOP_ANALYSIS = YES;
				CLANG_WARN_STRICT_PROTOTYPES = YES;
				CLANG_WARN_SUSPICIOUS_MOVE = YES;
				CLANG_WARN_UNGUARDED_AVAILABILITY = YES_AGGRESSIVE;
				CLANG_WARN_UNREACHABLE_CODE = YES;
				CLANG_WARN__DUPLICATE_METHOD_MATCH = YES;
				COPY_PHASE_STRIP = NO;
				DEBUG_INFORMATION_FORMAT = "dwarf-with-dsym";
				ENABLE_NS_ASSERTIONS = NO;
				ENABLE_STRICT_OBJC_MSGSEND = YES;
				GCC_C_LANGUAGE_STANDARD = gnu11;
				GCC_NO_COMMON_BLOCKS = YES;
				GCC_WARN_64_TO_32_BIT_CONVERSION = YES;
				GCC_WARN_ABOUT_RETURN_TYPE = YES_ERROR;
				GCC_WARN_UNDECLARED_SELECTOR = YES;
				GCC_WARN_UNINITIALIZED_AUTOS = YES_AGGRESSIVE;
				GCC_WARN_UNUSED_FUNCTION = YES;
				GCC_WARN_UNUSED_VARIABLE = YES;
				IPHONEOS_DEPLOYMENT_TARGET = 13.5;
				MTL_ENABLE_DEBUG_INFO = NO;
				MTL_FAST_MATH = YES;
				SDKROOT = iphoneos;
				SWIFT_COMPILATION_MODE = wholemodule;
				SWIFT_OPTIMIZATION_LEVEL = "-O";
				VALIDATE_PRODUCT = YES;
			};
			name = Release;
		};
		D83DF0E5249009E700BAE75C /* Debug */ = {
			isa = XCBuildConfiguration;
			buildSettings = {
				ASSETCATALOG_COMPILER_APPICON_NAME = AppIcon;
				CODE_SIGN_STYLE = Automatic;
				DEVELOPMENT_TEAM = XA7A4E4NVT;
				INFOPLIST_FILE = HW_2.7_App/SupportingFiles/Info.plist;
				LD_RUNPATH_SEARCH_PATHS = (
					"$(inherited)",
					"@executable_path/Frameworks",
				);
				PRODUCT_BUNDLE_IDENTIFIER = "ru.IndependentDeveloper.HW-2-7-App";
				PRODUCT_NAME = "$(TARGET_NAME)";
				SWIFT_VERSION = 5.0;
				TARGETED_DEVICE_FAMILY = 1;
			};
			name = Debug;
		};
		D83DF0E6249009E700BAE75C /* Release */ = {
			isa = XCBuildConfiguration;
			buildSettings = {
				ASSETCATALOG_COMPILER_APPICON_NAME = AppIcon;
				CODE_SIGN_STYLE = Automatic;
				DEVELOPMENT_TEAM = XA7A4E4NVT;
				INFOPLIST_FILE = HW_2.7_App/SupportingFiles/Info.plist;
				LD_RUNPATH_SEARCH_PATHS = (
					"$(inherited)",
					"@executable_path/Frameworks",
				);
				PRODUCT_BUNDLE_IDENTIFIER = "ru.IndependentDeveloper.HW-2-7-App";
				PRODUCT_NAME = "$(TARGET_NAME)";
				SWIFT_VERSION = 5.0;
				TARGETED_DEVICE_FAMILY = 1;
			};
			name = Release;
		};
/* End XCBuildConfiguration section */

/* Begin XCConfigurationList section */
		D83DF0CB249009E200BAE75C /* Build configuration list for PBXProject "HW_2.7_App" */ = {
			isa = XCConfigurationList;
			buildConfigurations = (
				D83DF0E2249009E700BAE75C /* Debug */,
				D83DF0E3249009E700BAE75C /* Release */,
			);
			defaultConfigurationIsVisible = 0;
			defaultConfigurationName = Release;
		};
		D83DF0E4249009E700BAE75C /* Build configuration list for PBXNativeTarget "HW_2.7_App" */ = {
			isa = XCConfigurationList;
			buildConfigurations = (
				D83DF0E5249009E700BAE75C /* Debug */,
				D83DF0E6249009E700BAE75C /* Release */,
			);
			defaultConfigurationIsVisible = 0;
			defaultConfigurationName = Release;
		};
/* End XCConfigurationList section */
	};
	rootObject = D83DF0C8249009E200BAE75C /* Project object */;
}
